
Microsoft Visual Studio Solution File, Format Version 12.00
# Visual Studio Version 16
VisualStudioVersion = 16.0.28809.33
MinimumVisualStudioVersion = 10.0.40219.1
Project("{FAE04EC0-301F-11D3-BF4B-00C04F79EFBC}") = "CoreSimple.Web", "CoreSimple.Web\CoreSimple.Web.csproj", "{8F955BCC-9808-4193-8D08-EECC03AC8BEE}"
EndProject
Project("{FAE04EC0-301F-11D3-BF4B-00C04F79EFBC}") = "CoreSimple.Models", "CoreSimple.Models\CoreSimple.Models.csproj", "{ED17D4A4-97A9-4B0D-8EC3-8BE7459E58D9}"
EndProject
Global
	GlobalSection(SolutionConfigurationPlatforms) = preSolution
		Debug|Any CPU = Debug|Any CPU
		Release|Any CPU = Release|Any CPU
	EndGlobalSection
	GlobalSection(ProjectConfigurationPlatforms) = postSolution
		{8F955BCC-9808-4193-8D08-EECC03AC8BEE}.Debug|Any CPU.ActiveCfg = Debug|Any CPU
		{8F955BCC-9808-4193-8D08-EECC03AC8BEE}.Debug|Any CPU.Build.0 = Debug|Any CPU
		{8F955BCC-9808-4193-8D08-EECC03AC8BEE}.Release|Any CPU.ActiveCfg = Release|Any CPU
		{8F955BCC-9808-4193-8D08-EECC03AC8BEE}.Release|Any CPU.Build.0 = Release|Any CPU
		{ED17D4A4-97A9-4B0D-8EC3-8BE7459E58D9}.Debug|Any CPU.ActiveCfg = Debug|Any CPU
		{ED17D4A4-97A9-4B0D-8EC3-8BE7459E58D9}.Debug|Any CPU.Build.0 = Debug|Any CPU
		{ED17D4A4-97A9-4B0D-8EC3-8BE7459E58D9}.Release|Any CPU.ActiveCfg = Release|Any CPU
		{ED17D4A4-97A9-4B0D-8EC3-8BE7459E58D9}.Release|Any CPU.Build.0 = Release|Any CPU
	EndGlobalSection
	GlobalSection(SolutionProperties) = preSolution
		HideSolutionNode = FALSE
	EndGlobalSection
	GlobalSection(ExtensibilityGlobals) = postSolution
		SolutionGuid = {BA4588F8-8DDE-42CA-94D2-6041F52EB817}
	EndGlobalSection
EndGlobal
